
Microsoft Visual Studio Solution File, Format Version 12.00
# Visual Studio Version 17
VisualStudioVersion = 17.7.34003.232
MinimumVisualStudioVersion = 10.0.40219.1
Project("{9A19103F-16F7-4668-BE54-9A1E7A4F7556}") = "DesafioFundamentos", "DesafioFundamentos.csproj", "{BFB66EFC-E3B1-4E74-9D74-2C1D9F151712}"
EndProject
Global
	GlobalSection(SolutionConfigurationPlatforms) = preSolution
		Debug|Any CPU = Debug|Any CPU
		Release|Any CPU = Release|Any CPU
	EndGlobalSection
	GlobalSection(ProjectConfigurationPlatforms) = postSolution
		{BFB66EFC-E3B1-4E74-9D74-2C1D9F151712}.Debug|Any CPU.ActiveCfg = Debug|Any CPU
		{BFB66EFC-E3B1-4E74-9D74-2C1D9F151712}.Debug|Any CPU.Build.0 = Debug|Any CPU
		{BFB66EFC-E3B1-4E74-9D74-2C1D9F151712}.Release|Any CPU.ActiveCfg = Release|Any CPU
		{BFB66EFC-E3B1-4E74-9D74-2C1D9F151712}.Release|Any CPU.Build.0 = Release|Any CPU
	EndGlobalSection
	GlobalSection(SolutionProperties) = preSolution
		HideSolutionNode = FALSE
	EndGlobalSection
	GlobalSection(ExtensibilityGlobals) = postSolution
		SolutionGuid = {3C09741A-D3BE-4563-8C4D-5A49DB2CCB35}
	EndGlobalSection
EndGlobal
